
Microsoft Visual Studio Solution File, Format Version 12.00
# Visual Studio Version 17
VisualStudioVersion = 17.0.31903.59
MinimumVisualStudioVersion = 10.0.40219.1
Project("{2150E333-8FDC-42A3-9474-1A3956D46DE8}") = "src", "src", "{827E0CD3-B72D-47B6-A68D-7590B98EB39B}"
EndProject
Project("{FAE04EC0-301F-11D3-BF4B-00C04F79EFBC}") = "BunDo.Domain", "src\BunDo.Domain\BunDo.Domain.csproj", "{567A1EC4-F917-41CA-829F-A9309B82C134}"
EndProject
Project("{2150E333-8FDC-42A3-9474-1A3956D46DE8}") = "tests", "tests", "{0AB3BF05-4346-4AA6-1389-037BE0695223}"
EndProject
Project("{FAE04EC0-301F-11D3-BF4B-00C04F79EFBC}") = "BunDo.Domain.Tests", "tests\BunDo.Domain.Tests\BunDo.Domain.Tests.csproj", "{9582EB7C-2BCE-4428-9948-96ED50109F3E}"
EndProject
Project("{FAE04EC0-301F-11D3-BF4B-00C04F79EFBC}") = "BunDo.Functions", "src\BunDo.Functions\BunDo.Functions.csproj", "{069B6A57-B375-4557-906E-09BCF1A93C34}"
EndProject
Project("{FAE04EC0-301F-11D3-BF4B-00C04F79EFBC}") = "BunDo.AppHost", "src\BunDo.AppHost\BunDo.AppHost.csproj", "{25432DDA-4163-4997-AF48-C41ED5BDE4C3}"
EndProject
Project("{FAE04EC0-301F-11D3-BF4B-00C04F79EFBC}") = "BunDo.Hosting.Tests", "tests\BunDo.Hosting.Tests\BunDo.Hosting.Tests.csproj", "{C211F7A0-75B8-4F5E-B409-5D07F343F076}"
EndProject
Global
	GlobalSection(SolutionConfigurationPlatforms) = preSolution
		Debug|Any CPU = Debug|Any CPU
		Debug|x64 = Debug|x64
		Debug|x86 = Debug|x86
		Release|Any CPU = Release|Any CPU
		Release|x64 = Release|x64
		Release|x86 = Release|x86
	EndGlobalSection
	GlobalSection(ProjectConfigurationPlatforms) = postSolution
		{567A1EC4-F917-41CA-829F-A9309B82C134}.Debug|Any CPU.ActiveCfg = Debug|Any CPU
		{567A1EC4-F917-41CA-829F-A9309B82C134}.Debug|Any CPU.Build.0 = Debug|Any CPU
		{567A1EC4-F917-41CA-829F-A9309B82C134}.Debug|x64.ActiveCfg = Debug|Any CPU
		{567A1EC4-F917-41CA-829F-A9309B82C134}.Debug|x64.Build.0 = Debug|Any CPU
		{567A1EC4-F917-41CA-829F-A9309B82C134}.Debug|x86.ActiveCfg = Debug|Any CPU
		{567A1EC4-F917-41CA-829F-A9309B82C134}.Debug|x86.Build.0 = Debug|Any CPU
		{567A1EC4-F917-41CA-829F-A9309B82C134}.Release|Any CPU.ActiveCfg = Release|Any CPU
		{567A1EC4-F917-41CA-829F-A9309B82C134}.Release|Any CPU.Build.0 = Release|Any CPU
		{567A1EC4-F917-41CA-829F-A9309B82C134}.Release|x64.ActiveCfg = Release|Any CPU
		{567A1EC4-F917-41CA-829F-A9309B82C134}.Release|x64.Build.0 = Release|Any CPU
		{567A1EC4-F917-41CA-829F-A9309B82C134}.Release|x86.ActiveCfg = Release|Any CPU
		{567A1EC4-F917-41CA-829F-A9309B82C134}.Release|x86.Build.0 = Release|Any CPU
		{9582EB7C-2BCE-4428-9948-96ED50109F3E}.Debug|Any CPU.ActiveCfg = Debug|Any CPU
		{9582EB7C-2BCE-4428-9948-96ED50109F3E}.Debug|Any CPU.Build.0 = Debug|Any CPU
		{9582EB7C-2BCE-4428-9948-96ED50109F3E}.Debug|x64.ActiveCfg = Debug|Any CPU
		{9582EB7C-2BCE-4428-9948-96ED50109F3E}.Debug|x64.Build.0 = Debug|Any CPU
		{9582EB7C-2BCE-4428-9948-96ED50109F3E}.Debug|x86.ActiveCfg = Debug|Any CPU
		{9582EB7C-2BCE-4428-9948-96ED50109F3E}.Debug|x86.Build.0 = Debug|Any CPU
		{9582EB7C-2BCE-4428-9948-96ED50109F3E}.Release|Any CPU.ActiveCfg = Release|Any CPU
		{9582EB7C-2BCE-4428-9948-96ED50109F3E}.Release|Any CPU.Build.0 = Release|Any CPU
		{9582EB7C-2BCE-4428-9948-96ED50109F3E}.Release|x64.ActiveCfg = Release|Any CPU
		{9582EB7C-2BCE-4428-9948-96ED50109F3E}.Release|x64.Build.0 = Release|Any CPU
		{9582EB7C-2BCE-4428-9948-96ED50109F3E}.Release|x86.ActiveCfg = Release|Any CPU
		{9582EB7C-2BCE-4428-9948-96ED50109F3E}.Release|x86.Build.0 = Release|Any CPU
		{069B6A57-B375-4557-906E-09BCF1A93C34}.Debug|Any CPU.ActiveCfg = Debug|Any CPU
		{069B6A57-B375-4557-906E-09BCF1A93C34}.Debug|Any CPU.Build.0 = Debug|Any CPU
		{069B6A57-B375-4557-906E-09BCF1A93C34}.Debug|x64.ActiveCfg = Debug|Any CPU
		{069B6A57-B375-4557-906E-09BCF1A93C34}.Debug|x64.Build.0 = Debug|Any CPU
		{069B6A57-B375-4557-906E-09BCF1A93C34}.Debug|x86.ActiveCfg = Debug|Any CPU
		{069B6A57-B375-4557-906E-09BCF1A93C34}.Debug|x86.Build.0 = Debug|Any CPU
		{069B6A57-B375-4557-906E-09BCF1A93C34}.Release|Any CPU.ActiveCfg = Release|Any CPU
		{069B6A57-B375-4557-906E-09BCF1A93C34}.Release|Any CPU.Build.0 = Release|Any CPU
		{069B6A57-B375-4557-906E-09BCF1A93C34}.Release|x64.ActiveCfg = Release|Any CPU
		{069B6A57-B375-4557-906E-09BCF1A93C34}.Release|x64.Build.0 = Release|Any CPU
		{069B6A57-B375-4557-906E-09BCF1A93C34}.Release|x86.ActiveCfg = Release|Any CPU
		{069B6A57-B375-4557-906E-09BCF1A93C34}.Release|x86.Build.0 = Release|Any CPU
		{25432DDA-4163-4997-AF48-C41ED5BDE4C3}.Debug|Any CPU.ActiveCfg = Debug|Any CPU
		{25432DDA-4163-4997-AF48-C41ED5BDE4C3}.Debug|Any CPU.Build.0 = Debug|Any CPU
		{25432DDA-4163-4997-AF48-C41ED5BDE4C3}.Debug|x64.ActiveCfg = Debug|Any CPU
		{25432DDA-4163-4997-AF48-C41ED5BDE4C3}.Debug|x64.Build.0 = Debug|Any CPU
		{25432DDA-4163-4997-AF48-C41ED5BDE4C3}.Debug|x86.ActiveCfg = Debug|Any CPU
		{25432DDA-4163-4997-AF48-C41ED5BDE4C3}.Debug|x86.Build.0 = Debug|Any CPU
		{25432DDA-4163-4997-AF48-C41ED5BDE4C3}.Release|Any CPU.ActiveCfg = Release|Any CPU
		{25432DDA-4163-4997-AF48-C41ED5BDE4C3}.Release|Any CPU.Build.0 = Release|Any CPU
		{25432DDA-4163-4997-AF48-C41ED5BDE4C3}.Release|x64.ActiveCfg = Release|Any CPU
		{25432DDA-4163-4997-AF48-C41ED5BDE4C3}.Release|x64.Build.0 = Release|Any CPU
		{25432DDA-4163-4997-AF48-C41ED5BDE4C3}.Release|x86.ActiveCfg = Release|Any CPU
		{25432DDA-4163-4997-AF48-C41ED5BDE4C3}.Release|x86.Build.0 = Release|Any CPU
		{C211F7A0-75B8-4F5E-B409-5D07F343F076}.Debug|Any CPU.ActiveCfg = Debug|Any CPU
		{C211F7A0-75B8-4F5E-B409-5D07F343F076}.Debug|Any CPU.Build.0 = Debug|Any CPU
		{C211F7A0-75B8-4F5E-B409-5D07F343F076}.Debug|x64.ActiveCfg = Debug|Any CPU
		{C211F7A0-75B8-4F5E-B409-5D07F343F076}.Debug|x64.Build.0 = Debug|Any CPU
		{C211F7A0-75B8-4F5E-B409-5D07F343F076}.Debug|x86.ActiveCfg = Debug|Any CPU
		{C211F7A0-75B8-4F5E-B409-5D07F343F076}.Debug|x86.Build.0 = Debug|Any CPU
		{C211F7A0-75B8-4F5E-B409-5D07F343F076}.Release|Any CPU.ActiveCfg = Release|Any CPU
		{C211F7A0-75B8-4F5E-B409-5D07F343F076}.Release|Any CPU.Build.0 = Release|Any CPU
		{C211F7A0-75B8-4F5E-B409-5D07F343F076}.Release|x64.ActiveCfg = Release|Any CPU
		{C211F7A0-75B8-4F5E-B409-5D07F343F076}.Release|x64.Build.0 = Release|Any CPU
		{C211F7A0-75B8-4F5E-B409-5D07F343F076}.Release|x86.ActiveCfg = Release|Any CPU
		{C211F7A0-75B8-4F5E-B409-5D07F343F076}.Release|x86.Build.0 = Release|Any CPU
	EndGlobalSection
	GlobalSection(SolutionProperties) = preSolution
		HideSolutionNode = FALSE
	EndGlobalSection
	GlobalSection(NestedProjects) = preSolution
		{567A1EC4-F917-41CA-829F-A9309B82C134} = {827E0CD3-B72D-47B6-A68D-7590B98EB39B}
		{9582EB7C-2BCE-4428-9948-96ED50109F3E} = {0AB3BF05-4346-4AA6-1389-037BE0695223}
		{069B6A57-B375-4557-906E-09BCF1A93C34} = {827E0CD3-B72D-47B6-A68D-7590B98EB39B}
		{25432DDA-4163-4997-AF48-C41ED5BDE4C3} = {827E0CD3-B72D-47B6-A68D-7590B98EB39B}
		{C211F7A0-75B8-4F5E-B409-5D07F343F076} = {0AB3BF05-4346-4AA6-1389-037BE0695223}
	EndGlobalSection
EndGlobal
